
Microsoft Visual Studio Solution File, Format Version 12.00
# Visual Studio 2013
VisualStudioVersion = 12.0.21005.1
MinimumVisualStudioVersion = 10.0.40219.1
Project("{FAE04EC0-301F-11D3-BF4B-00C04F79EFBC}") = "Axvigs.Aaron.PotD", "Axvigs.Aaron.PotD\Axvigs.Aaron.PotD.csproj", "{33E4390A-A6E1-4829-886E-BAAF58CD1B72}"
EndProject
Project("{FAE04EC0-301F-11D3-BF4B-00C04F79EFBC}") = "Axvigs.Aaron.Tests.PotD", "Axvigs.Aaron.Tests.PotD\Axvigs.Aaron.Tests.PotD.csproj", "{DD4A7F04-18D6-4327-8F53-A8BF9D1E5A9C}"
EndProject
Project("{2150E333-8FDC-42A3-9474-1A3956D46DE8}") = "Solution Items", "Solution Items", "{43765CC2-494A-4205-A70A-11A3B9378CC9}"
	ProjectSection(SolutionItems) = preProject
		CustomDictionary.xml = CustomDictionary.xml
	EndProjectSection
EndProject
Global
	GlobalSection(SolutionConfigurationPlatforms) = preSolution
		Debug|Any CPU = Debug|Any CPU
		Release|Any CPU = Release|Any CPU
	EndGlobalSection
	GlobalSection(ProjectConfigurationPlatforms) = postSolution
		{33E4390A-A6E1-4829-886E-BAAF58CD1B72}.Debug|Any CPU.ActiveCfg = Debug|Any CPU
		{33E4390A-A6E1-4829-886E-BAAF58CD1B72}.Debug|Any CPU.Build.0 = Debug|Any CPU
		{33E4390A-A6E1-4829-886E-BAAF58CD1B72}.Release|Any CPU.ActiveCfg = Release|Any CPU
		{33E4390A-A6E1-4829-886E-BAAF58CD1B72}.Release|Any CPU.Build.0 = Release|Any CPU
		{DD4A7F04-18D6-4327-8F53-A8BF9D1E5A9C}.Debug|Any CPU.ActiveCfg = Debug|Any CPU
		{DD4A7F04-18D6-4327-8F53-A8BF9D1E5A9C}.Debug|Any CPU.Build.0 = Debug|Any CPU
		{DD4A7F04-18D6-4327-8F53-A8BF9D1E5A9C}.Release|Any CPU.ActiveCfg = Release|Any CPU
		{DD4A7F04-18D6-4327-8F53-A8BF9D1E5A9C}.Release|Any CPU.Build.0 = Release|Any CPU
	EndGlobalSection
	GlobalSection(SolutionProperties) = preSolution
		HideSolutionNode = FALSE
	EndGlobalSection
EndGlobal
